
Microsoft Visual Studio Solution File, Format Version 12.00
# Visual Studio Version 17
VisualStudioVersion = 17.5.002.0
MinimumVisualStudioVersion = 10.0.40219.1
Project("{9A19103F-16F7-4668-BE54-9A1E7A4F7556}") = "OperadoresLogicos", "OperadoresLogicos.csproj", "{C1FFD663-EC5F-4C33-B0FD-FE49D45A269C}"
EndProject
Global
	GlobalSection(SolutionConfigurationPlatforms) = preSolution
		Debug|Any CPU = Debug|Any CPU
		Release|Any CPU = Release|Any CPU
	EndGlobalSection
	GlobalSection(ProjectConfigurationPlatforms) = postSolution
		{C1FFD663-EC5F-4C33-B0FD-FE49D45A269C}.Debug|Any CPU.ActiveCfg = Debug|Any CPU
		{C1FFD663-EC5F-4C33-B0FD-FE49D45A269C}.Debug|Any CPU.Build.0 = Debug|Any CPU
		{C1FFD663-EC5F-4C33-B0FD-FE49D45A269C}.Release|Any CPU.ActiveCfg = Release|Any CPU
		{C1FFD663-EC5F-4C33-B0FD-FE49D45A269C}.Release|Any CPU.Build.0 = Release|Any CPU
	EndGlobalSection
	GlobalSection(SolutionProperties) = preSolution
		HideSolutionNode = FALSE
	EndGlobalSection
	GlobalSection(ExtensibilityGlobals) = postSolution
		SolutionGuid = {A82E3AEF-91AF-4295-87C6-DE79AAA074DD}
	EndGlobalSection
EndGlobal
